
Microsoft Visual Studio Solution File, Format Version 12.00
# Visual Studio Version 16
VisualStudioVersion = 16.0.30320.27
MinimumVisualStudioVersion = 10.0.40219.1
Project("{9A19103F-16F7-4668-BE54-9A1E7A4F7556}") = "FrontDeskApp.Api", "FrontDeskApp.Api\FrontDeskApp.Api.csproj", "{ECABA3F8-65EF-4AAD-B5C9-F7D3B2D15A12}"
EndProject
Project("{9A19103F-16F7-4668-BE54-9A1E7A4F7556}") = "FrontDeskApp.Core", "FrontDeskApp.Core\FrontDeskApp.Core.csproj", "{5B561BD6-1F77-4154-91D6-0683074FF771}"
EndProject
Project("{9A19103F-16F7-4668-BE54-9A1E7A4F7556}") = "FrontDeskApp.Services", "FrontDeskApp.Services\FrontDeskApp.Services.csproj", "{6FD54107-1FA7-4920-BDC7-7A15D4EE0F67}"
EndProject
Project("{9A19103F-16F7-4668-BE54-9A1E7A4F7556}") = "FrontDeskApp.Data", "FrontDeskApp.Data\FrontDeskApp.Data.csproj", "{1FC1F856-2616-45B6-8302-FA7D17F6B3C9}"
EndProject
Project("{FAE04EC0-301F-11D3-BF4B-00C04F79EFBC}") = "FrontDeskAppConsole", "FrontDeskAppConsole\FrontDeskAppConsole.csproj", "{713BF9C7-95B5-4400-A75D-3538E933D595}"
EndProject
Global
	GlobalSection(SolutionConfigurationPlatforms) = preSolution
		Debug|Any CPU = Debug|Any CPU
		Release|Any CPU = Release|Any CPU
	EndGlobalSection
	GlobalSection(ProjectConfigurationPlatforms) = postSolution
		{ECABA3F8-65EF-4AAD-B5C9-F7D3B2D15A12}.Debug|Any CPU.ActiveCfg = Debug|Any CPU
		{ECABA3F8-65EF-4AAD-B5C9-F7D3B2D15A12}.Debug|Any CPU.Build.0 = Debug|Any CPU
		{ECABA3F8-65EF-4AAD-B5C9-F7D3B2D15A12}.Release|Any CPU.ActiveCfg = Release|Any CPU
		{ECABA3F8-65EF-4AAD-B5C9-F7D3B2D15A12}.Release|Any CPU.Build.0 = Release|Any CPU
		{5B561BD6-1F77-4154-91D6-0683074FF771}.Debug|Any CPU.ActiveCfg = Debug|Any CPU
		{5B561BD6-1F77-4154-91D6-0683074FF771}.Debug|Any CPU.Build.0 = Debug|Any CPU
		{5B561BD6-1F77-4154-91D6-0683074FF771}.Release|Any CPU.ActiveCfg = Release|Any CPU
		{5B561BD6-1F77-4154-91D6-0683074FF771}.Release|Any CPU.Build.0 = Release|Any CPU
		{6FD54107-1FA7-4920-BDC7-7A15D4EE0F67}.Debug|Any CPU.ActiveCfg = Debug|Any CPU
		{6FD54107-1FA7-4920-BDC7-7A15D4EE0F67}.Debug|Any CPU.Build.0 = Debug|Any CPU
		{6FD54107-1FA7-4920-BDC7-7A15D4EE0F67}.Release|Any CPU.ActiveCfg = Release|Any CPU
		{6FD54107-1FA7-4920-BDC7-7A15D4EE0F67}.Release|Any CPU.Build.0 = Release|Any CPU
		{1FC1F856-2616-45B6-8302-FA7D17F6B3C9}.Debug|Any CPU.ActiveCfg = Debug|Any CPU
		{1FC1F856-2616-45B6-8302-FA7D17F6B3C9}.Debug|Any CPU.Build.0 = Debug|Any CPU
		{1FC1F856-2616-45B6-8302-FA7D17F6B3C9}.Release|Any CPU.ActiveCfg = Release|Any CPU
		{1FC1F856-2616-45B6-8302-FA7D17F6B3C9}.Release|Any CPU.Build.0 = Release|Any CPU
		{713BF9C7-95B5-4400-A75D-3538E933D595}.Debug|Any CPU.ActiveCfg = Debug|Any CPU
		{713BF9C7-95B5-4400-A75D-3538E933D595}.Debug|Any CPU.Build.0 = Debug|Any CPU
		{713BF9C7-95B5-4400-A75D-3538E933D595}.Release|Any CPU.ActiveCfg = Release|Any CPU
		{713BF9C7-95B5-4400-A75D-3538E933D595}.Release|Any CPU.Build.0 = Release|Any CPU
	EndGlobalSection
	GlobalSection(SolutionProperties) = preSolution
		HideSolutionNode = FALSE
	EndGlobalSection
	GlobalSection(ExtensibilityGlobals) = postSolution
		SolutionGuid = {3F006908-A4CD-4B43-A965-40DB4E27F372}
	EndGlobalSection
EndGlobal
